// !$*UTF8*$!
{
	archiveVersion = 1;
	classes = {
	};
	objectVersion = 50;
	objects = {

/* Begin PBXBuildFile section */
		590FA15BF769258C70FA3051 /* Pods_XellissimeTravelTests.framework in Frameworks */ = {isa = PBXBuildFile; fileRef = 60C754669E6161F038E74209 /* Pods_XellissimeTravelTests.framework */; };
		C12D0D87224BB484001B8525 /* ChangeScreen1ViewController.swift in Sources */ = {isa = PBXBuildFile; fileRef = C12D0D86224BB484001B8525 /* ChangeScreen1ViewController.swift */; };
		C12D0D89224BEF20001B8525 /* TranslateScreen1ViewController.swift in Sources */ = {isa = PBXBuildFile; fileRef = C12D0D88224BEF20001B8525 /* TranslateScreen1ViewController.swift */; };
		C18CFD2D22524059002BA15A /* TranslateScreen2ViewController.swift in Sources */ = {isa = PBXBuildFile; fileRef = C18CFD2C22524059002BA15A /* TranslateScreen2ViewController.swift */; };
		C1901B4D225B22F6009356FB /* ParamtersViewController.swift in Sources */ = {isa = PBXBuildFile; fileRef = C1901B4C225B22F6009356FB /* ParamtersViewController.swift */; };
		C1901B51225B2509009356FB /* ExtensionNotificationName.swift in Sources */ = {isa = PBXBuildFile; fileRef = C1901B50225B2509009356FB /* ExtensionNotificationName.swift */; };
		C1901B53225B2597009356FB /* ExtensionUIColor.swift in Sources */ = {isa = PBXBuildFile; fileRef = C1901B52225B2597009356FB /* ExtensionUIColor.swift */; };
		C19592C52254DFCD0055909C /* WeatherScreen2ViewController.swift in Sources */ = {isa = PBXBuildFile; fileRef = C19592C42254DFCC0055909C /* WeatherScreen2ViewController.swift */; };
		C1AFB913224D5290009593C2 /* LICENSE in Resources */ = {isa = PBXBuildFile; fileRef = C1AFB90D224D5290009593C2 /* LICENSE */; };
		C1AFB914224D5290009593C2 /* UIImage.swift in Sources */ = {isa = PBXBuildFile; fileRef = C1AFB90F224D5290009593C2 /* UIImage.swift */; };
		C1AFB915224D5290009593C2 /* FlagKit.swift in Sources */ = {isa = PBXBuildFile; fileRef = C1AFB910224D5290009593C2 /* FlagKit.swift */; };
		C1AFB916224D5290009593C2 /* README.md in Resources */ = {isa = PBXBuildFile; fileRef = C1AFB911224D5290009593C2 /* README.md */; };
		C1AFB917224D5290009593C2 /* FlagKit.xcassets in Resources */ = {isa = PBXBuildFile; fileRef = C1AFB912224D5290009593C2 /* FlagKit.xcassets */; };
		C1B4A8BB224D205D002CD0A6 /* ChangeScreen2ViewController.swift in Sources */ = {isa = PBXBuildFile; fileRef = C1B4A8BA224D205D002CD0A6 /* ChangeScreen2ViewController.swift */; };
		C1BCA8A0224B5C0300EB9BEA /* Translate.storyboard in Resources */ = {isa = PBXBuildFile; fileRef = C1BCA89F224B5C0300EB9BEA /* Translate.storyboard */; };
		C1BCA8A3224B624E00EB9BEA /* Parameters.storyboard in Resources */ = {isa = PBXBuildFile; fileRef = C1BCA8A1224B624E00EB9BEA /* Parameters.storyboard */; };
		C1BCA8A6224B63C500EB9BEA /* Photos.storyboard in Resources */ = {isa = PBXBuildFile; fileRef = C1BCA8A4224B63C500EB9BEA /* Photos.storyboard */; };
		C1BCA8A8224B67B100EB9BEA /* APIManager.swift in Sources */ = {isa = PBXBuildFile; fileRef = C1BCA8A7224B67B100EB9BEA /* APIManager.swift */; };
		C1BCA8AA224B733A00EB9BEA /* FixerAPI.swift in Sources */ = {isa = PBXBuildFile; fileRef = C1BCA8A9224B733A00EB9BEA /* FixerAPI.swift */; };
		C1BCA8AC224B73AA00EB9BEA /* GoogleTranslateAPI.swift in Sources */ = {isa = PBXBuildFile; fileRef = C1BCA8AB224B73AA00EB9BEA /* GoogleTranslateAPI.swift */; };
		C1BCA8AE224B74A800EB9BEA /* OpenweathermapAPI.swift in Sources */ = {isa = PBXBuildFile; fileRef = C1BCA8AD224B74A800EB9BEA /* OpenweathermapAPI.swift */; };
		C1E82213224A6A7D00CE07F4 /* AppDelegate.swift in Sources */ = {isa = PBXBuildFile; fileRef = C1E82212224A6A7D00CE07F4 /* AppDelegate.swift */; };
		C1E82215224A6A7D00CE07F4 /* ViewController.swift in Sources */ = {isa = PBXBuildFile; fileRef = C1E82214224A6A7D00CE07F4 /* ViewController.swift */; };
		C1E82218224A6A7D00CE07F4 /* Main.storyboard in Resources */ = {isa = PBXBuildFile; fileRef = C1E82216224A6A7D00CE07F4 /* Main.storyboard */; };
		C1E8221A224A6A8000CE07F4 /* Assets.xcassets in Resources */ = {isa = PBXBuildFile; fileRef = C1E82219224A6A8000CE07F4 /* Assets.xcassets */; };
		C1E8221D224A6A8000CE07F4 /* LaunchScreen.storyboard in Resources */ = {isa = PBXBuildFile; fileRef = C1E8221B224A6A8000CE07F4 /* LaunchScreen.storyboard */; };
		C1E82228224A6A8000CE07F4 /* XellissimeTravelTests.swift in Sources */ = {isa = PBXBuildFile; fileRef = C1E82227224A6A8000CE07F4 /* XellissimeTravelTests.swift */; };
		C1E82235224A72B000CE07F4 /* APITest.plist in Resources */ = {isa = PBXBuildFile; fileRef = C1E82234224A72B000CE07F4 /* APITest.plist */; };
		C1E82237224A79E900CE07F4 /* InitialScreenViewController.swift in Sources */ = {isa = PBXBuildFile; fileRef = C1E82236224A79E900CE07F4 /* InitialScreenViewController.swift */; };
		C1E8223F224A84CA00CE07F4 /* Change.storyboard in Resources */ = {isa = PBXBuildFile; fileRef = C1E8223D224A84CA00CE07F4 /* Change.storyboard */; };
		C1E82242224A8C8100CE07F4 /* Weather.storyboard in Resources */ = {isa = PBXBuildFile; fileRef = C1E82240224A8C8100CE07F4 /* Weather.storyboard */; };
		E880925B2CB36DAB104F1CC6 /* Pods_XellissimeTravel.framework in Frameworks */ = {isa = PBXBuildFile; fileRef = 034716EB3553D55E611F7A9D /* Pods_XellissimeTravel.framework */; };
/* End PBXBuildFile section */

/* Begin PBXContainerItemProxy section */
		C1E82224224A6A8000CE07F4 /* PBXContainerItemProxy */ = {
			isa = PBXContainerItemProxy;
			containerPortal = C1E82207224A6A7D00CE07F4 /* Project object */;
			proxyType = 1;
			remoteGlobalIDString = C1E8220E224A6A7D00CE07F4;
			remoteInfo = XellissimeTravel;
		};
/* End PBXContainerItemProxy section */

/* Begin PBXFileReference section */
		034716EB3553D55E611F7A9D /* Pods_XellissimeTravel.framework */ = {isa = PBXFileReference; explicitFileType = wrapper.framework; includeInIndex = 0; path = Pods_XellissimeTravel.framework; sourceTree = BUILT_PRODUCTS_DIR; };
		60C754669E6161F038E74209 /* Pods_XellissimeTravelTests.framework */ = {isa = PBXFileReference; explicitFileType = wrapper.framework; includeInIndex = 0; path = Pods_XellissimeTravelTests.framework; sourceTree = BUILT_PRODUCTS_DIR; };
		9B325D83C17BEDC9DCF16CCA /* Pods-XellissimeTravelTests.release.xcconfig */ = {isa = PBXFileReference; includeInIndex = 1; lastKnownFileType = text.xcconfig; name = "Pods-XellissimeTravelTests.release.xcconfig"; path = "Pods/Target Support Files/Pods-XellissimeTravelTests/Pods-XellissimeTravelTests.release.xcconfig"; sourceTree = "<group>"; };
		A16B82D0B8FB27B6001B1317 /* Pods-XellissimeTravel.debug.xcconfig */ = {isa = PBXFileReference; includeInIndex = 1; lastKnownFileType = text.xcconfig; name = "Pods-XellissimeTravel.debug.xcconfig"; path = "Pods/Target Support Files/Pods-XellissimeTravel/Pods-XellissimeTravel.debug.xcconfig"; sourceTree = "<group>"; };
		C12D0D86224BB484001B8525 /* ChangeScreen1ViewController.swift */ = {isa = PBXFileReference; lastKnownFileType = sourcecode.swift; path = ChangeScreen1ViewController.swift; sourceTree = "<group>"; };
		C12D0D88224BEF20001B8525 /* TranslateScreen1ViewController.swift */ = {isa = PBXFileReference; lastKnownFileType = sourcecode.swift; path = TranslateScreen1ViewController.swift; sourceTree = "<group>"; };
		C18CFD2C22524059002BA15A /* TranslateScreen2ViewController.swift */ = {isa = PBXFileReference; lastKnownFileType = sourcecode.swift; path = TranslateScreen2ViewController.swift; sourceTree = "<group>"; };
		C1901B4C225B22F6009356FB /* ParamtersViewController.swift */ = {isa = PBXFileReference; lastKnownFileType = sourcecode.swift; path = ParamtersViewController.swift; sourceTree = "<group>"; };
		C1901B50225B2509009356FB /* ExtensionNotificationName.swift */ = {isa = PBXFileReference; lastKnownFileType = sourcecode.swift; name = ExtensionNotificationName.swift; path = "/Users/alexandregrosson/OPENCLASSROOMS/PARCOURS DEVELOPPEUR APPLICATION IOS/PROJET9/XellissimeTravel/XellissimeTravel/Model/ExtensionNotificationName.swift"; sourceTree = "<absolute>"; };
		C1901B52225B2597009356FB /* ExtensionUIColor.swift */ = {isa = PBXFileReference; lastKnownFileType = sourcecode.swift; path = ExtensionUIColor.swift; sourceTree = "<group>"; };
		C19592C42254DFCC0055909C /* WeatherScreen2ViewController.swift */ = {isa = PBXFileReference; lastKnownFileType = sourcecode.swift; path = WeatherScreen2ViewController.swift; sourceTree = "<group>"; };
		C1AFB90D224D5290009593C2 /* LICENSE */ = {isa = PBXFileReference; fileEncoding = 4; lastKnownFileType = text; path = LICENSE; sourceTree = "<group>"; };
		C1AFB90F224D5290009593C2 /* UIImage.swift */ = {isa = PBXFileReference; fileEncoding = 4; lastKnownFileType = sourcecode.swift; path = UIImage.swift; sourceTree = "<group>"; };
		C1AFB910224D5290009593C2 /* FlagKit.swift */ = {isa = PBXFileReference; fileEncoding = 4; lastKnownFileType = sourcecode.swift; path = FlagKit.swift; sourceTree = "<group>"; };
		C1AFB911224D5290009593C2 /* README.md */ = {isa = PBXFileReference; fileEncoding = 4; lastKnownFileType = net.daringfireball.markdown; path = README.md; sourceTree = "<group>"; };
		C1AFB912224D5290009593C2 /* FlagKit.xcassets */ = {isa = PBXFileReference; lastKnownFileType = folder.assetcatalog; path = FlagKit.xcassets; sourceTree = "<group>"; };
		C1B4A8BA224D205D002CD0A6 /* ChangeScreen2ViewController.swift */ = {isa = PBXFileReference; lastKnownFileType = sourcecode.swift; path = ChangeScreen2ViewController.swift; sourceTree = "<group>"; };
		C1BCA89F224B5C0300EB9BEA /* Translate.storyboard */ = {isa = PBXFileReference; fileEncoding = 4; lastKnownFileType = file.storyboard; path = Translate.storyboard; sourceTree = "<group>"; };
		C1BCA8A2224B624E00EB9BEA /* Base */ = {isa = PBXFileReference; lastKnownFileType = file.storyboard; name = Base; path = XellissimeTravel/Storyboard/XellissimeTravel/Storyboard/Base.lproj/Parameters.storyboard; sourceTree = "<group>"; };
		C1BCA8A5224B63C500EB9BEA /* Base */ = {isa = PBXFileReference; lastKnownFileType = file.storyboard; name = Base; path = XellissimeTravel/Storyboard/XellissimeTravel/Storyboard/XellissimeTravel/Storyboard/Base.lproj/Photos.storyboard; sourceTree = "<group>"; };
		C1BCA8A7224B67B100EB9BEA /* APIManager.swift */ = {isa = PBXFileReference; lastKnownFileType = sourcecode.swift; path = APIManager.swift; sourceTree = "<group>"; };
		C1BCA8A9224B733A00EB9BEA /* FixerAPI.swift */ = {isa = PBXFileReference; lastKnownFileType = sourcecode.swift; path = FixerAPI.swift; sourceTree = "<group>"; };
		C1BCA8AB224B73AA00EB9BEA /* GoogleTranslateAPI.swift */ = {isa = PBXFileReference; lastKnownFileType = sourcecode.swift; path = GoogleTranslateAPI.swift; sourceTree = "<group>"; };
		C1BCA8AD224B74A800EB9BEA /* OpenweathermapAPI.swift */ = {isa = PBXFileReference; lastKnownFileType = sourcecode.swift; path = OpenweathermapAPI.swift; sourceTree = "<group>"; };
		C1E8220F224A6A7D00CE07F4 /* XellissimeTravel.app */ = {isa = PBXFileReference; explicitFileType = wrapper.application; includeInIndex = 0; path = XellissimeTravel.app; sourceTree = BUILT_PRODUCTS_DIR; };
		C1E82212224A6A7D00CE07F4 /* AppDelegate.swift */ = {isa = PBXFileReference; lastKnownFileType = sourcecode.swift; path = AppDelegate.swift; sourceTree = "<group>"; };
		C1E82214224A6A7D00CE07F4 /* ViewController.swift */ = {isa = PBXFileReference; lastKnownFileType = sourcecode.swift; path = ViewController.swift; sourceTree = "<group>"; };
		C1E82217224A6A7D00CE07F4 /* Base */ = {isa = PBXFileReference; lastKnownFileType = file.storyboard; name = Base; path = Base.lproj/Main.storyboard; sourceTree = "<group>"; };
		C1E82219224A6A8000CE07F4 /* Assets.xcassets */ = {isa = PBXFileReference; lastKnownFileType = folder.assetcatalog; path = Assets.xcassets; sourceTree = "<group>"; };
		C1E8221C224A6A8000CE07F4 /* Base */ = {isa = PBXFileReference; lastKnownFileType = file.storyboard; name = Base; path = Base.lproj/LaunchScreen.storyboard; sourceTree = "<group>"; };
		C1E8221E224A6A8000CE07F4 /* Info.plist */ = {isa = PBXFileReference; lastKnownFileType = text.plist.xml; path = Info.plist; sourceTree = "<group>"; };
		C1E82223224A6A8000CE07F4 /* XellissimeTravelTests.xctest */ = {isa = PBXFileReference; explicitFileType = wrapper.cfbundle; includeInIndex = 0; path = XellissimeTravelTests.xctest; sourceTree = BUILT_PRODUCTS_DIR; };
		C1E82227224A6A8000CE07F4 /* XellissimeTravelTests.swift */ = {isa = PBXFileReference; lastKnownFileType = sourcecode.swift; path = XellissimeTravelTests.swift; sourceTree = "<group>"; };
		C1E82229224A6A8000CE07F4 /* Info.plist */ = {isa = PBXFileReference; lastKnownFileType = text.plist.xml; path = Info.plist; sourceTree = "<group>"; };
		C1E82234224A72B000CE07F4 /* APITest.plist */ = {isa = PBXFileReference; lastKnownFileType = text.plist.xml; path = APITest.plist; sourceTree = "<group>"; };
		C1E82236224A79E900CE07F4 /* InitialScreenViewController.swift */ = {isa = PBXFileReference; lastKnownFileType = sourcecode.swift; path = InitialScreenViewController.swift; sourceTree = "<group>"; };
		C1E8223E224A84CA00CE07F4 /* Base */ = {isa = PBXFileReference; lastKnownFileType = file.storyboard; name = Base; path = XellissimeTravel/Storyboard/Base.lproj/Change.storyboard; sourceTree = "<group>"; };
		C1E82241224A8C8100CE07F4 /* Base */ = {isa = PBXFileReference; lastKnownFileType = file.storyboard; name = Base; path = XellissimeTravel/Storyboard/XellissimeTravel/Storyboard/Base.lproj/Weather.storyboard; sourceTree = "<group>"; };
		D3602D5B98C5DCF403F90C66 /* Pods-XellissimeTravel.release.xcconfig */ = {isa = PBXFileReference; includeInIndex = 1; lastKnownFileType = text.xcconfig; name = "Pods-XellissimeTravel.release.xcconfig"; path = "Pods/Target Support Files/Pods-XellissimeTravel/Pods-XellissimeTravel.release.xcconfig"; sourceTree = "<group>"; };
		E764098A0C3852E294D7EA07 /* Pods-XellissimeTravelTests.debug.xcconfig */ = {isa = PBXFileReference; includeInIndex = 1; lastKnownFileType = text.xcconfig; name = "Pods-XellissimeTravelTests.debug.xcconfig"; path = "Pods/Target Support Files/Pods-XellissimeTravelTests/Pods-XellissimeTravelTests.debug.xcconfig"; sourceTree = "<group>"; };
/* End PBXFileReference section */

/* Begin PBXFrameworksBuildPhase section */
		C1E8220C224A6A7D00CE07F4 /* Frameworks */ = {
			isa = PBXFrameworksBuildPhase;
			buildActionMask = 2147483647;
			files = (
				E880925B2CB36DAB104F1CC6 /* Pods_XellissimeTravel.framework in Frameworks */,
			);
			runOnlyForDeploymentPostprocessing = 0;
		};
		C1E82220224A6A8000CE07F4 /* Frameworks */ = {
			isa = PBXFrameworksBuildPhase;
			buildActionMask = 2147483647;
			files = (
				590FA15BF769258C70FA3051 /* Pods_XellissimeTravelTests.framework in Frameworks */,
			);
			runOnlyForDeploymentPostprocessing = 0;
		};
/* End PBXFrameworksBuildPhase section */

/* Begin PBXGroup section */
		0CCB1C84DB9EE7BF849DE4CF /* Frameworks */ = {
			isa = PBXGroup;
			children = (
				034716EB3553D55E611F7A9D /* Pods_XellissimeTravel.framework */,
				60C754669E6161F038E74209 /* Pods_XellissimeTravelTests.framework */,
			);
			name = Frameworks;
			sourceTree = "<group>";
		};
		BCD997F8D094402041BC6F9C /* Pods */ = {
			isa = PBXGroup;
			children = (
				A16B82D0B8FB27B6001B1317 /* Pods-XellissimeTravel.debug.xcconfig */,
				D3602D5B98C5DCF403F90C66 /* Pods-XellissimeTravel.release.xcconfig */,
				E764098A0C3852E294D7EA07 /* Pods-XellissimeTravelTests.debug.xcconfig */,
				9B325D83C17BEDC9DCF16CCA /* Pods-XellissimeTravelTests.release.xcconfig */,
			);
			name = Pods;
			sourceTree = "<group>";
		};
		C1AFB90C224D5290009593C2 /* FlagKit */ = {
			isa = PBXGroup;
			children = (
				C1AFB90D224D5290009593C2 /* LICENSE */,
				C1AFB90E224D5290009593C2 /* Source */,
				C1AFB911224D5290009593C2 /* README.md */,
				C1AFB912224D5290009593C2 /* FlagKit.xcassets */,
			);
			name = FlagKit;
			path = Pods/FlagKit;
			sourceTree = "<group>";
		};
		C1AFB90E224D5290009593C2 /* Source */ = {
			isa = PBXGroup;
			children = (
				C1AFB90F224D5290009593C2 /* UIImage.swift */,
				C1AFB910224D5290009593C2 /* FlagKit.swift */,
			);
			path = Source;
			sourceTree = "<group>";
		};
		C1E82206224A6A7C00CE07F4 = {
			isa = PBXGroup;
			children = (
				C1E82211224A6A7D00CE07F4 /* XellissimeTravel */,
				C1E82226224A6A8000CE07F4 /* XellissimeTravelTests */,
				C1E82210224A6A7D00CE07F4 /* Products */,
				C1AFB90C224D5290009593C2 /* FlagKit */,
				BCD997F8D094402041BC6F9C /* Pods */,
				0CCB1C84DB9EE7BF849DE4CF /* Frameworks */,
			);
			sourceTree = "<group>";
		};
		C1E82210224A6A7D00CE07F4 /* Products */ = {
			isa = PBXGroup;
			children = (
				C1E8220F224A6A7D00CE07F4 /* XellissimeTravel.app */,
				C1E82223224A6A8000CE07F4 /* XellissimeTravelTests.xctest */,
			);
			name = Products;
			sourceTree = "<group>";
		};
		C1E82211224A6A7D00CE07F4 /* XellissimeTravel */ = {
			isa = PBXGroup;
			children = (
				C1E8223C224A7A8600CE07F4 /* Supporting files */,
				C1E8223A224A7A4A00CE07F4 /* View */,
				C1E82239224A7A2B00CE07F4 /* Model */,
				C1E82238224A79FB00CE07F4 /* Controller */,
				C1E8221E224A6A8000CE07F4 /* Info.plist */,
				C1E82234224A72B000CE07F4 /* APITest.plist */,
			);
			path = XellissimeTravel;
			sourceTree = "<group>";
		};
		C1E82226224A6A8000CE07F4 /* XellissimeTravelTests */ = {
			isa = PBXGroup;
			children = (
				C1E82227224A6A8000CE07F4 /* XellissimeTravelTests.swift */,
				C1E82229224A6A8000CE07F4 /* Info.plist */,
			);
			path = XellissimeTravelTests;
			sourceTree = "<group>";
		};
		C1E82238224A79FB00CE07F4 /* Controller */ = {
			isa = PBXGroup;
			children = (
				C1901B4C225B22F6009356FB /* ParamtersViewController.swift */,
				C19592C42254DFCC0055909C /* WeatherScreen2ViewController.swift */,
				C12D0D86224BB484001B8525 /* ChangeScreen1ViewController.swift */,
				C1B4A8BA224D205D002CD0A6 /* ChangeScreen2ViewController.swift */,
				C12D0D88224BEF20001B8525 /* TranslateScreen1ViewController.swift */,
				C18CFD2C22524059002BA15A /* TranslateScreen2ViewController.swift */,
				C1E82214224A6A7D00CE07F4 /* ViewController.swift */,
				C1E82236224A79E900CE07F4 /* InitialScreenViewController.swift */,
			);
			path = Controller;
			sourceTree = "<group>";
		};
		C1E82239224A7A2B00CE07F4 /* Model */ = {
			isa = PBXGroup;
			children = (
				C1901B50225B2509009356FB /* ExtensionNotificationName.swift */,
				C1901B52225B2597009356FB /* ExtensionUIColor.swift */,
				C1BCA8A7224B67B100EB9BEA /* APIManager.swift */,
				C1BCA8AD224B74A800EB9BEA /* OpenweathermapAPI.swift */,
				C1BCA8A9224B733A00EB9BEA /* FixerAPI.swift */,
				C1BCA8AB224B73AA00EB9BEA /* GoogleTranslateAPI.swift */,
			);
			path = Model;
			sourceTree = "<group>";
		};
		C1E8223A224A7A4A00CE07F4 /* View */ = {
			isa = PBXGroup;
			children = (
				C1E8223B224A7A6200CE07F4 /* Storyboard */,
				C1E8221B224A6A8000CE07F4 /* LaunchScreen.storyboard */,
			);
			path = View;
			sourceTree = "<group>";
		};
		C1E8223B224A7A6200CE07F4 /* Storyboard */ = {
			isa = PBXGroup;
			children = (
				C1BCA8A4224B63C500EB9BEA /* Photos.storyboard */,
				C1BCA8A1224B624E00EB9BEA /* Parameters.storyboard */,
				C1BCA89F224B5C0300EB9BEA /* Translate.storyboard */,
				C1E82240224A8C8100CE07F4 /* Weather.storyboard */,
				C1E8223D224A84CA00CE07F4 /* Change.storyboard */,
				C1E82216224A6A7D00CE07F4 /* Main.storyboard */,
			);
			path = Storyboard;
			sourceTree = "<group>";
		};
		C1E8223C224A7A8600CE07F4 /* Supporting files */ = {
			isa = PBXGroup;
			children = (
				C1E82212224A6A7D00CE07F4 /* AppDelegate.swift */,
				C1E82219224A6A8000CE07F4 /* Assets.xcassets */,
			);
			path = "Supporting files";
			sourceTree = "<group>";
		};
/* End PBXGroup section */

/* Begin PBXNativeTarget section */
		C1E8220E224A6A7D00CE07F4 /* XellissimeTravel */ = {
			isa = PBXNativeTarget;
			buildConfigurationList = C1E8222C224A6A8000CE07F4 /* Build configuration list for PBXNativeTarget "XellissimeTravel" */;
			buildPhases = (
				0428C62A34E23F3D853D6B08 /* [CP] Check Pods Manifest.lock */,
				C1E8220B224A6A7D00CE07F4 /* Sources */,
				C1E8220C224A6A7D00CE07F4 /* Frameworks */,
				C1E8220D224A6A7D00CE07F4 /* Resources */,
			);
			buildRules = (
			);
			dependencies = (
			);
			name = XellissimeTravel;
			productName = XellissimeTravel;
			productReference = C1E8220F224A6A7D00CE07F4 /* XellissimeTravel.app */;
			productType = "com.apple.product-type.application";
		};
		C1E82222224A6A8000CE07F4 /* XellissimeTravelTests */ = {
			isa = PBXNativeTarget;
			buildConfigurationList = C1E8222F224A6A8000CE07F4 /* Build configuration list for PBXNativeTarget "XellissimeTravelTests" */;
			buildPhases = (
				2510FA6F2F2A5A764EAD728C /* [CP] Check Pods Manifest.lock */,
				C1E8221F224A6A8000CE07F4 /* Sources */,
				C1E82220224A6A8000CE07F4 /* Frameworks */,
				C1E82221224A6A8000CE07F4 /* Resources */,
				E22B316DA5A6AC70741BB142 /* [CP] Embed Pods Frameworks */,
			);
			buildRules = (
			);
			dependencies = (
				C1E82225224A6A8000CE07F4 /* PBXTargetDependency */,
			);
			name = XellissimeTravelTests;
			productName = XellissimeTravelTests;
			productReference = C1E82223224A6A8000CE07F4 /* XellissimeTravelTests.xctest */;
			productType = "com.apple.product-type.bundle.unit-test";
		};
/* End PBXNativeTarget section */

/* Begin PBXProject section */
		C1E82207224A6A7D00CE07F4 /* Project object */ = {
			isa = PBXProject;
			attributes = {
				LastSwiftUpdateCheck = 1020;
				LastUpgradeCheck = 1020;
				ORGANIZATIONNAME = GROSSON;
				TargetAttributes = {
					C1E8220E224A6A7D00CE07F4 = {
						CreatedOnToolsVersion = 10.2;
					};
					C1E82222224A6A8000CE07F4 = {
						CreatedOnToolsVersion = 10.2;
						TestTargetID = C1E8220E224A6A7D00CE07F4;
					};
				};
			};
			buildConfigurationList = C1E8220A224A6A7D00CE07F4 /* Build configuration list for PBXProject "XellissimeTravel" */;
			compatibilityVersion = "Xcode 9.3";
			developmentRegion = en;
			hasScannedForEncodings = 0;
			knownRegions = (
				en,
				Base,
			);
			mainGroup = C1E82206224A6A7C00CE07F4;
			productRefGroup = C1E82210224A6A7D00CE07F4 /* Products */;
			projectDirPath = "";
			projectRoot = "";
			targets = (
				C1E8220E224A6A7D00CE07F4 /* XellissimeTravel */,
				C1E82222224A6A8000CE07F4 /* XellissimeTravelTests */,
			);
		};
/* End PBXProject section */

/* Begin PBXResourcesBuildPhase section */
		C1E8220D224A6A7D00CE07F4 /* Resources */ = {
			isa = PBXResourcesBuildPhase;
			buildActionMask = 2147483647;
			files = (
				C1BCA8A3224B624E00EB9BEA /* Parameters.storyboard in Resources */,
				C1BCA8A0224B5C0300EB9BEA /* Translate.storyboard in Resources */,
				C1AFB917224D5290009593C2 /* FlagKit.xcassets in Resources */,
				C1E8221D224A6A8000CE07F4 /* LaunchScreen.storyboard in Resources */,
				C1BCA8A6224B63C500EB9BEA /* Photos.storyboard in Resources */,
				C1AFB913224D5290009593C2 /* LICENSE in Resources */,
				C1E82242224A8C8100CE07F4 /* Weather.storyboard in Resources */,
				C1E8223F224A84CA00CE07F4 /* Change.storyboard in Resources */,
				C1E82235224A72B000CE07F4 /* APITest.plist in Resources */,
				C1E8221A224A6A8000CE07F4 /* Assets.xcassets in Resources */,
				C1AFB916224D5290009593C2 /* README.md in Resources */,
				C1E82218224A6A7D00CE07F4 /* Main.storyboard in Resources */,
			);
			runOnlyForDeploymentPostprocessing = 0;
		};
		C1E82221224A6A8000CE07F4 /* Resources */ = {
			isa = PBXResourcesBuildPhase;
			buildActionMask = 2147483647;
			files = (
			);
			runOnlyForDeploymentPostprocessing = 0;
		};
/* End PBXResourcesBuildPhase section */

/* Begin PBXShellScriptBuildPhase section */
		0428C62A34E23F3D853D6B08 /* [CP] Check Pods Manifest.lock */ = {
			isa = PBXShellScriptBuildPhase;
			buildActionMask = 2147483647;
			files = (
			);
			inputFileListPaths = (
			);
			inputPaths = (
				"${PODS_PODFILE_DIR_PATH}/Podfile.lock",
				"${PODS_ROOT}/Manifest.lock",
			);
			name = "[CP] Check Pods Manifest.lock";
			outputFileListPaths = (
			);
			outputPaths = (
				"$(DERIVED_FILE_DIR)/Pods-XellissimeTravel-checkManifestLockResult.txt",
			);
			runOnlyForDeploymentPostprocessing = 0;
			shellPath = /bin/sh;
			shellScript = "diff \"${PODS_PODFILE_DIR_PATH}/Podfile.lock\" \"${PODS_ROOT}/Manifest.lock\" > /dev/null\nif [ $? != 0 ] ; then\n    # print error to STDERR\n    echo \"error: The sandbox is not in sync with the Podfile.lock. Run 'pod install' or update your CocoaPods installation.\" >&2\n    exit 1\nfi\n# This output is used by Xcode 'outputs' to avoid re-running this script phase.\necho \"SUCCESS\" > \"${SCRIPT_OUTPUT_FILE_0}\"\n";
			showEnvVarsInLog = 0;
		};
		2510FA6F2F2A5A764EAD728C /* [CP] Check Pods Manifest.lock */ = {
			isa = PBXShellScriptBuildPhase;
			buildActionMask = 2147483647;
			files = (
			);
			inputFileListPaths = (
			);
			inputPaths = (
				"${PODS_PODFILE_DIR_PATH}/Podfile.lock",
				"${PODS_ROOT}/Manifest.lock",
			);
			name = "[CP] Check Pods Manifest.lock";
			outputFileListPaths = (
			);
			outputPaths = (
				"$(DERIVED_FILE_DIR)/Pods-XellissimeTravelTests-checkManifestLockResult.txt",
			);
			runOnlyForDeploymentPostprocessing = 0;
			shellPath = /bin/sh;
			shellScript = "diff \"${PODS_PODFILE_DIR_PATH}/Podfile.lock\" \"${PODS_ROOT}/Manifest.lock\" > /dev/null\nif [ $? != 0 ] ; then\n    # print error to STDERR\n    echo \"error: The sandbox is not in sync with the Podfile.lock. Run 'pod install' or update your CocoaPods installation.\" >&2\n    exit 1\nfi\n# This output is used by Xcode 'outputs' to avoid re-running this script phase.\necho \"SUCCESS\" > \"${SCRIPT_OUTPUT_FILE_0}\"\n";
			showEnvVarsInLog = 0;
		};
		E22B316DA5A6AC70741BB142 /* [CP] Embed Pods Frameworks */ = {
			isa = PBXShellScriptBuildPhase;
			buildActionMask = 2147483647;
			files = (
			);
			inputFileListPaths = (
			);
			inputPaths = (
				"${SRCROOT}/Pods/Target Support Files/Pods-XellissimeTravelTests/Pods-XellissimeTravelTests-frameworks.sh",
				"${BUILT_PRODUCTS_DIR}/FlagKit/FlagKit.framework",
			);
			name = "[CP] Embed Pods Frameworks";
			outputFileListPaths = (
			);
			outputPaths = (
				"${TARGET_BUILD_DIR}/${FRAMEWORKS_FOLDER_PATH}/FlagKit.framework",
			);
			runOnlyForDeploymentPostprocessing = 0;
			shellPath = /bin/sh;
			shellScript = "\"${SRCROOT}/Pods/Target Support Files/Pods-XellissimeTravelTests/Pods-XellissimeTravelTests-frameworks.sh\"\n";
			showEnvVarsInLog = 0;
		};
/* End PBXShellScriptBuildPhase section */

/* Begin PBXSourcesBuildPhase section */
		C1E8220B224A6A7D00CE07F4 /* Sources */ = {
			isa = PBXSourcesBuildPhase;
			buildActionMask = 2147483647;
			files = (
				C19592C52254DFCD0055909C /* WeatherScreen2ViewController.swift in Sources */,
				C1BCA8A8224B67B100EB9BEA /* APIManager.swift in Sources */,
				C1AFB914224D5290009593C2 /* UIImage.swift in Sources */,
				C1AFB915224D5290009593C2 /* FlagKit.swift in Sources */,
				C1E82215224A6A7D00CE07F4 /* ViewController.swift in Sources */,
				C1E82237224A79E900CE07F4 /* InitialScreenViewController.swift in Sources */,
				C1901B53225B2597009356FB /* ExtensionUIColor.swift in Sources */,
				C1901B4D225B22F6009356FB /* ParamtersViewController.swift in Sources */,
				C12D0D89224BEF20001B8525 /* TranslateScreen1ViewController.swift in Sources */,
				C1BCA8AA224B733A00EB9BEA /* FixerAPI.swift in Sources */,
				C18CFD2D22524059002BA15A /* TranslateScreen2ViewController.swift in Sources */,
				C12D0D87224BB484001B8525 /* ChangeScreen1ViewController.swift in Sources */,
				C1BCA8AC224B73AA00EB9BEA /* GoogleTranslateAPI.swift in Sources */,
				C1BCA8AE224B74A800EB9BEA /* OpenweathermapAPI.swift in Sources */,
				C1E82213224A6A7D00CE07F4 /* AppDelegate.swift in Sources */,
				C1B4A8BB224D205D002CD0A6 /* ChangeScreen2ViewController.swift in Sources */,
				C1901B51225B2509009356FB /* ExtensionNotificationName.swift in Sources */,
			);
			runOnlyForDeploymentPostprocessing = 0;
		};
		C1E8221F224A6A8000CE07F4 /* Sources */ = {
			isa = PBXSourcesBuildPhase;
			buildActionMask = 2147483647;
			files = (
				C1E82228224A6A8000CE07F4 /* XellissimeTravelTests.swift in Sources */,
			);
			runOnlyForDeploymentPostprocessing = 0;
		};
/* End PBXSourcesBuildPhase section */

/* Begin PBXTargetDependency section */
		C1E82225224A6A8000CE07F4 /* PBXTargetDependency */ = {
			isa = PBXTargetDependency;
			target = C1E8220E224A6A7D00CE07F4 /* XellissimeTravel */;
			targetProxy = C1E82224224A6A8000CE07F4 /* PBXContainerItemProxy */;
		};
/* End PBXTargetDependency section */

/* Begin PBXVariantGroup section */
		C1BCA8A1224B624E00EB9BEA /* Parameters.storyboard */ = {
			isa = PBXVariantGroup;
			children = (
				C1BCA8A2224B624E00EB9BEA /* Base */,
			);
			name = Parameters.storyboard;
			sourceTree = "<group>";
		};
		C1BCA8A4224B63C500EB9BEA /* Photos.storyboard */ = {
			isa = PBXVariantGroup;
			children = (
				C1BCA8A5224B63C500EB9BEA /* Base */,
			);
			name = Photos.storyboard;
			sourceTree = "<group>";
		};
		C1E82216224A6A7D00CE07F4 /* Main.storyboard */ = {
			isa = PBXVariantGroup;
			children = (
				C1E82217224A6A7D00CE07F4 /* Base */,
			);
			name = Main.storyboard;
			sourceTree = "<group>";
		};
		C1E8221B224A6A8000CE07F4 /* LaunchScreen.storyboard */ = {
			isa = PBXVariantGroup;
			children = (
				C1E8221C224A6A8000CE07F4 /* Base */,
			);
			name = LaunchScreen.storyboard;
			sourceTree = "<group>";
		};
		C1E8223D224A84CA00CE07F4 /* Change.storyboard */ = {
			isa = PBXVariantGroup;
			children = (
				C1E8223E224A84CA00CE07F4 /* Base */,
			);
			name = Change.storyboard;
			sourceTree = "<group>";
		};
		C1E82240224A8C8100CE07F4 /* Weather.storyboard */ = {
			isa = PBXVariantGroup;
			children = (
				C1E82241224A8C8100CE07F4 /* Base */,
			);
			name = Weather.storyboard;
			sourceTree = "<group>";
		};
/* End PBXVariantGroup section */

/* Begin XCBuildConfiguration section */
		C1E8222A224A6A8000CE07F4 /* Debug */ = {
			isa = XCBuildConfiguration;
			buildSettings = {
				ALWAYS_SEARCH_USER_PATHS = NO;
				CLANG_ANALYZER_NONNULL = YES;
				CLANG_ANALYZER_NUMBER_OBJECT_CONVERSION = YES_AGGRESSIVE;
				CLANG_CXX_LANGUAGE_STANDARD = "gnu++14";
				CLANG_CXX_LIBRARY = "libc++";
				CLANG_ENABLE_MODULES = YES;
				CLANG_ENABLE_OBJC_ARC = YES;
				CLANG_ENABLE_OBJC_WEAK = YES;
				CLANG_WARN_BLOCK_CAPTURE_AUTORELEASING = YES;
				CLANG_WARN_BOOL_CONVERSION = YES;
				CLANG_WARN_COMMA = YES;
				CLANG_WARN_CONSTANT_CONVERSION = YES;
				CLANG_WARN_DEPRECATED_OBJC_IMPLEMENTATIONS = YES;
				CLANG_WARN_DIRECT_OBJC_ISA_USAGE = YES_ERROR;
				CLANG_WARN_DOCUMENTATION_COMMENTS = YES;
				CLANG_WARN_EMPTY_BODY = YES;
				CLANG_WARN_ENUM_CONVERSION = YES;
				CLANG_WARN_INFINITE_RECURSION = YES;
				CLANG_WARN_INT_CONVERSION = YES;
				CLANG_WARN_NON_LITERAL_NULL_CONVERSION = YES;
				CLANG_WARN_OBJC_IMPLICIT_RETAIN_SELF = YES;
				CLANG_WARN_OBJC_LITERAL_CONVERSION = YES;
				CLANG_WARN_OBJC_ROOT_CLASS = YES_ERROR;
				CLANG_WARN_RANGE_LOOP_ANALYSIS = YES;
				CLANG_WARN_STRICT_PROTOTYPES = YES;
				CLANG_WARN_SUSPICIOUS_MOVE = YES;
				CLANG_WARN_UNGUARDED_AVAILABILITY = YES_AGGRESSIVE;
				CLANG_WARN_UNREACHABLE_CODE = YES;
				CLANG_WARN__DUPLICATE_METHOD_MATCH = YES;
				CODE_SIGN_IDENTITY = "iPhone Developer";
				COPY_PHASE_STRIP = NO;
				DEBUG_INFORMATION_FORMAT = dwarf;
				ENABLE_STRICT_OBJC_MSGSEND = YES;
				ENABLE_TESTABILITY = YES;
				GCC_C_LANGUAGE_STANDARD = gnu11;
				GCC_DYNAMIC_NO_PIC = NO;
				GCC_NO_COMMON_BLOCKS = YES;
				GCC_OPTIMIZATION_LEVEL = 0;
				GCC_PREPROCESSOR_DEFINITIONS = (
					"DEBUG=1",
					"$(inherited)",
				);
				GCC_WARN_64_TO_32_BIT_CONVERSION = YES;
				GCC_WARN_ABOUT_RETURN_TYPE = YES_ERROR;
				GCC_WARN_UNDECLARED_SELECTOR = YES;
				GCC_WARN_UNINITIALIZED_AUTOS = YES_AGGRESSIVE;
				GCC_WARN_UNUSED_FUNCTION = YES;
				GCC_WARN_UNUSED_VARIABLE = YES;
				IPHONEOS_DEPLOYMENT_TARGET = 12.2;
				MTL_ENABLE_DEBUG_INFO = INCLUDE_SOURCE;
				MTL_FAST_MATH = YES;
				ONLY_ACTIVE_ARCH = YES;
				SDKROOT = iphoneos;
				SWIFT_ACTIVE_COMPILATION_CONDITIONS = DEBUG;
				SWIFT_OPTIMIZATION_LEVEL = "-Onone";
			};
			name = Debug;
		};
		C1E8222B224A6A8000CE07F4 /* Release */ = {
			isa = XCBuildConfiguration;
			buildSettings = {
				ALWAYS_SEARCH_USER_PATHS = NO;
				CLANG_ANALYZER_NONNULL = YES;
				CLANG_ANALYZER_NUMBER_OBJECT_CONVERSION = YES_AGGRESSIVE;
				CLANG_CXX_LANGUAGE_STANDARD = "gnu++14";
				CLANG_CXX_LIBRARY = "libc++";
				CLANG_ENABLE_MODULES = YES;
				CLANG_ENABLE_OBJC_ARC = YES;
				CLANG_ENABLE_OBJC_WEAK = YES;
				CLANG_WARN_BLOCK_CAPTURE_AUTORELEASING = YES;
				CLANG_WARN_BOOL_CONVERSION = YES;
				CLANG_WARN_COMMA = YES;
				CLANG_WARN_CONSTANT_CONVERSION = YES;
				CLANG_WARN_DEPRECATED_OBJC_IMPLEMENTATIONS = YES;
				CLANG_WARN_DIRECT_OBJC_ISA_USAGE = YES_ERROR;
				CLANG_WARN_DOCUMENTATION_COMMENTS = YES;
				CLANG_WARN_EMPTY_BODY = YES;
				CLANG_WARN_ENUM_CONVERSION = YES;
				CLANG_WARN_INFINITE_RECURSION = YES;
				CLANG_WARN_INT_CONVERSION = YES;
				CLANG_WARN_NON_LITERAL_NULL_CONVERSION = YES;
				CLANG_WARN_OBJC_IMPLICIT_RETAIN_SELF = YES;
				CLANG_WARN_OBJC_LITERAL_CONVERSION = YES;
				CLANG_WARN_OBJC_ROOT_CLASS = YES_ERROR;
				CLANG_WARN_RANGE_LOOP_ANALYSIS = YES;
				CLANG_WARN_STRICT_PROTOTYPES = YES;
				CLANG_WARN_SUSPICIOUS_MOVE = YES;
				CLANG_WARN_UNGUARDED_AVAILABILITY = YES_AGGRESSIVE;
				CLANG_WARN_UNREACHABLE_CODE = YES;
				CLANG_WARN__DUPLICATE_METHOD_MATCH = YES;
				CODE_SIGN_IDENTITY = "iPhone Developer";
				COPY_PHASE_STRIP = NO;
				DEBUG_INFORMATION_FORMAT = "dwarf-with-dsym";
				ENABLE_NS_ASSERTIONS = NO;
				ENABLE_STRICT_OBJC_MSGSEND = YES;
				GCC_C_LANGUAGE_STANDARD = gnu11;
				GCC_NO_COMMON_BLOCKS = YES;
				GCC_WARN_64_TO_32_BIT_CONVERSION = YES;
				GCC_WARN_ABOUT_RETURN_TYPE = YES_ERROR;
				GCC_WARN_UNDECLARED_SELECTOR = YES;
				GCC_WARN_UNINITIALIZED_AUTOS = YES_AGGRESSIVE;
				GCC_WARN_UNUSED_FUNCTION = YES;
				GCC_WARN_UNUSED_VARIABLE = YES;
				IPHONEOS_DEPLOYMENT_TARGET = 12.2;
				MTL_ENABLE_DEBUG_INFO = NO;
				MTL_FAST_MATH = YES;
				SDKROOT = iphoneos;
				SWIFT_COMPILATION_MODE = wholemodule;
				SWIFT_OPTIMIZATION_LEVEL = "-O";
				VALIDATE_PRODUCT = YES;
			};
			name = Release;
		};
		C1E8222D224A6A8000CE07F4 /* Debug */ = {
			isa = XCBuildConfiguration;
			baseConfigurationReference = A16B82D0B8FB27B6001B1317 /* Pods-XellissimeTravel.debug.xcconfig */;
			buildSettings = {
				ASSETCATALOG_COMPILER_APPICON_NAME = AppIcon;
				CODE_SIGN_STYLE = Automatic;
				DEVELOPMENT_TEAM = 2UG4LAMEK9;
				INFOPLIST_FILE = XellissimeTravel/Info.plist;
				IPHONEOS_DEPLOYMENT_TARGET = 11.0;
				LD_RUNPATH_SEARCH_PATHS = (
					"$(inherited)",
					"@executable_path/Frameworks",
				);
				PRODUCT_BUNDLE_IDENTIFIER = com.GROSSON.XellissimeTravel;
				PRODUCT_NAME = "$(TARGET_NAME)";
				SWIFT_VERSION = 5.0;
				TARGETED_DEVICE_FAMILY = "1,2";
			};
			name = Debug;
		};
		C1E8222E224A6A8000CE07F4 /* Release */ = {
			isa = XCBuildConfiguration;
			baseConfigurationReference = D3602D5B98C5DCF403F90C66 /* Pods-XellissimeTravel.release.xcconfig */;
			buildSettings = {
				ASSETCATALOG_COMPILER_APPICON_NAME = AppIcon;
				CODE_SIGN_STYLE = Automatic;
				DEVELOPMENT_TEAM = 2UG4LAMEK9;
				INFOPLIST_FILE = XellissimeTravel/Info.plist;
				IPHONEOS_DEPLOYMENT_TARGET = 11.0;
				LD_RUNPATH_SEARCH_PATHS = (
					"$(inherited)",
					"@executable_path/Frameworks",
				);
				PRODUCT_BUNDLE_IDENTIFIER = com.GROSSON.XellissimeTravel;
				PRODUCT_NAME = "$(TARGET_NAME)";
				SWIFT_VERSION = 5.0;
				TARGETED_DEVICE_FAMILY = "1,2";
			};
			name = Release;
		};
		C1E82230224A6A8000CE07F4 /* Debug */ = {
			isa = XCBuildConfiguration;
			baseConfigurationReference = E764098A0C3852E294D7EA07 /* Pods-XellissimeTravelTests.debug.xcconfig */;
			buildSettings = {
				ALWAYS_EMBED_SWIFT_STANDARD_LIBRARIES = YES;
				BUNDLE_LOADER = "$(TEST_HOST)";
				CODE_SIGN_STYLE = Automatic;
				DEVELOPMENT_TEAM = 2UG4LAMEK9;
				INFOPLIST_FILE = XellissimeTravelTests/Info.plist;
				LD_RUNPATH_SEARCH_PATHS = (
					"$(inherited)",
					"@executable_path/Frameworks",
					"@loader_path/Frameworks",
				);
				PRODUCT_BUNDLE_IDENTIFIER = com.GROSSON.XellissimeTravelTests;
				PRODUCT_NAME = "$(TARGET_NAME)";
				SWIFT_VERSION = 5.0;
				TARGETED_DEVICE_FAMILY = "1,2";
				TEST_HOST = "$(BUILT_PRODUCTS_DIR)/XellissimeTravel.app/XellissimeTravel";
			};
			name = Debug;
		};
		C1E82231224A6A8000CE07F4 /* Release */ = {
			isa = XCBuildConfiguration;
			baseConfigurationReference = 9B325D83C17BEDC9DCF16CCA /* Pods-XellissimeTravelTests.release.xcconfig */;
			buildSettings = {
				ALWAYS_EMBED_SWIFT_STANDARD_LIBRARIES = YES;
				BUNDLE_LOADER = "$(TEST_HOST)";
				CODE_SIGN_STYLE = Automatic;
				DEVELOPMENT_TEAM = 2UG4LAMEK9;
				INFOPLIST_FILE = XellissimeTravelTests/Info.plist;
				LD_RUNPATH_SEARCH_PATHS = (
					"$(inherited)",
					"@executable_path/Frameworks",
					"@loader_path/Frameworks",
				);
				PRODUCT_BUNDLE_IDENTIFIER = com.GROSSON.XellissimeTravelTests;
				PRODUCT_NAME = "$(TARGET_NAME)";
				SWIFT_VERSION = 5.0;
				TARGETED_DEVICE_FAMILY = "1,2";
				TEST_HOST = "$(BUILT_PRODUCTS_DIR)/XellissimeTravel.app/XellissimeTravel";
			};
			name = Release;
		};
/* End XCBuildConfiguration section */

/* Begin XCConfigurationList section */
		C1E8220A224A6A7D00CE07F4 /* Build configuration list for PBXProject "XellissimeTravel" */ = {
			isa = XCConfigurationList;
			buildConfigurations = (
				C1E8222A224A6A8000CE07F4 /* Debug */,
				C1E8222B224A6A8000CE07F4 /* Release */,
			);
			defaultConfigurationIsVisible = 0;
			defaultConfigurationName = Release;
		};
		C1E8222C224A6A8000CE07F4 /* Build configuration list for PBXNativeTarget "XellissimeTravel" */ = {
			isa = XCConfigurationList;
			buildConfigurations = (
				C1E8222D224A6A8000CE07F4 /* Debug */,
				C1E8222E224A6A8000CE07F4 /* Release */,
			);
			defaultConfigurationIsVisible = 0;
			defaultConfigurationName = Release;
		};
		C1E8222F224A6A8000CE07F4 /* Build configuration list for PBXNativeTarget "XellissimeTravelTests" */ = {
			isa = XCConfigurationList;
			buildConfigurations = (
				C1E82230224A6A8000CE07F4 /* Debug */,
				C1E82231224A6A8000CE07F4 /* Release */,
			);
			defaultConfigurationIsVisible = 0;
			defaultConfigurationName = Release;
		};
/* End XCConfigurationList section */
	};
	rootObject = C1E82207224A6A7D00CE07F4 /* Project object */;
}
